NeoBundleLock LaTeX-Suite-aka-Vim-LaTeX d1e3755fbe06d2f8dc79303126fd7796115496bf
NeoBundleLock SQLUtilities 566184530da81aa05ae4ac4ba6cf5034292a9b89
NeoBundleLock ack.vim b9f85efc0dcc97cdafa8dcc1689e8a8d3f1dd756
NeoBundleLock csapprox 7981dac51d8b6776985aa08cb7b5ee98ea7f2ddd
NeoBundleLock gundo.vim 3975ac871565115e3769dc69c06bc88ddc1369af
NeoBundleLock i3-vim-syntax 92c4e731af79569b7881e558a7e76fb62b5f8395
NeoBundleLock jellybeans.vim f931895c20681684278aef2ffd810730b9c36ec3
NeoBundleLock jshint2.vim 26dca23b27d49dabb327a51de4b7f64fad6ae4b2
NeoBundleLock kwbdi.vim 1fd0382dd299b9feb343b7960f6977de402b0929
NeoBundleLock lightline.vim b967eefb9b7c3103a2f8885eb736876f0a0cdaa9
NeoBundleLock neobundle.vim fd15e35a7a7c4e84ae62981cfa529ae7cc382330
NeoBundleLock neocomplete.vim 8bb74be92dadecac54f45c0346672f1af17218d5
NeoBundleLock nerdcommenter 6549cfde45339bd4f711504196ff3e8b766ef5e6
NeoBundleLock phpctags 58ed3e2afd56913cc031dcf20309d5f7c2aa37dd
NeoBundleLock riv.vim 4562fbe0625f0ab1b27287ab4862ba9b61c5da34
NeoBundleLock syntastic 24bb2935745809998ae8223f0d98cfc52a18ecd7
NeoBundleLock tabular 60f25648814f0695eeb6c1040d97adca93c4e0bb
NeoBundleLock tagbar c6b473f5593a1cb9e567bb1a9a897f196f1f720a
NeoBundleLock tagbar-phpctags.vim 00d12a891482c35e6bd0dd9a8860163322a45daf
NeoBundleLock unite-outline 36c2bffc60c8b9dfef0ed694484fc99e52cc2c14
NeoBundleLock unite.vim a2a77fe47804df3d568e1d755f272ca9ca662955
NeoBundleLock vim-bufferline c595cbb2478c4ecde633d3ccb9be7260ca86aa39
NeoBundleLock vim-fugitive 4cc201cbe3a0c3faa4cde1b82ba941d410e5e81c
NeoBundleLock vim-gitgutter 937930e647b89c1095c0683af16d7d5e8efcbd09
NeoBundleLock vim-go c55ff9accdcdd2082c3a19bd809030ae0b7f13e4
NeoBundleLock vim-guicolorscheme 492a91e3f5dbd820f8fc482bb38894377fae1ebd
NeoBundleLock vim-http-client 4f524d131c975769db5d88b5da3728c219c6d70e
NeoBundleLock vim-markdown 715fa12ff651da838e58e7f88f18d47a1e611a7d
NeoBundleLock vim-obsession 4ab72e07ec3e25f33066217ddaf9863c7b597cf5
NeoBundleLock vim-stylus 07340e91954bb007bca77074443bb0bae745e8e7
NeoBundleLock vimproc.vim ba4a7139fc8d0247badf0617f11ae1f06a7a6910
NeoBundleLock vimshell.vim 4939e10609c434becf6423b2f3876bb9c2be3464
