NeoBundleLock LaTeX-Suite-aka-Vim-LaTeX d1e3755fbe06d2f8dc79303126fd7796115496bf
NeoBundleLock SQLUtilities 566184530da81aa05ae4ac4ba6cf5034292a9b89
NeoBundleLock ack.vim b9f85efc0dcc97cdafa8dcc1689e8a8d3f1dd756
NeoBundleLock csapprox 7981dac51d8b6776985aa08cb7b5ee98ea7f2ddd
NeoBundleLock gundo.vim 3975ac871565115e3769dc69c06bc88ddc1369af
NeoBundleLock i3-vim-syntax 92c4e731af79569b7881e558a7e76fb62b5f8395
NeoBundleLock jellybeans.vim f931895c20681684278aef2ffd810730b9c36ec3
NeoBundleLock jshint2.vim 26dca23b27d49dabb327a51de4b7f64fad6ae4b2
NeoBundleLock kwbdi.vim 1fd0382dd299b9feb343b7960f6977de402b0929
NeoBundleLock neobundle.vim c37a56100afde3ea5b06031735bb5c8e9fc7db3e
NeoBundleLock neocomplete.vim 0a8a7e8a72a23459c2eda5116fe9b22b0dad7a3e
NeoBundleLock nerdcommenter 6549cfde45339bd4f711504196ff3e8b766ef5e6
NeoBundleLock nginx-vim-syntax 8dffab7043185482414ac9c4d7041e26d77cb898
NeoBundleLock phpctags 8af9ee2de886dd67e8feb87bb42f89d63d4ac94d
NeoBundleLock riv.vim 4562fbe0625f0ab1b27287ab4862ba9b61c5da34
NeoBundleLock syntastic a7fde99ea9a4eb26e6dfedb3ea54bbeefb71b325
NeoBundleLock tabular 60f25648814f0695eeb6c1040d97adca93c4e0bb
NeoBundleLock tagbar 399b75256ac7333d7119d11047f6b3aff8fa2828
NeoBundleLock tagbar-phpctags.vim 00d12a891482c35e6bd0dd9a8860163322a45daf
NeoBundleLock unite-outline f03cfe49dd92af8d416a04707cc30d1529bdf3ac
NeoBundleLock unite.vim 662f83d3789ecf320ddcb04f7023def3a8167802
NeoBundleLock vim-airline 67de5f2257f8d5def7a31e3009d4298ce977cb80
NeoBundleLock vim-bufferline c595cbb2478c4ecde633d3ccb9be7260ca86aa39
NeoBundleLock vim-easymotion 9f1c449edfce6d61c7f620e3a9c1389b7b7e334f
NeoBundleLock vim-fugitive 21b6dd7aeec3e4bc96d7b32cd594b7818c0c4082
NeoBundleLock vim-gita 6a27f9bd2c71f0cd35636c84249924068bdac1a4
NeoBundleLock vim-gitgutter 339f8ba079ed7d465ca442c9032b36bc56c21f61
NeoBundleLock vim-go 71b668966aea41e716a3903f77acfa755bbdfd3d
NeoBundleLock vim-guicolorscheme 492a91e3f5dbd820f8fc482bb38894377fae1ebd
NeoBundleLock vim-http-client 4f524d131c975769db5d88b5da3728c219c6d70e
NeoBundleLock vim-indent-guides 4895e860258cd24c975255ef459af4b956107557
NeoBundleLock vim-json f5e3181d0b33a9c51377bb7ea8492feddca8b503
NeoBundleLock vim-markdown 715fa12ff651da838e58e7f88f18d47a1e611a7d
NeoBundleLock vim-obsession e671dbb05b111167616b026b5366ff26a7ef1303
NeoBundleLock vim-stylus 07340e91954bb007bca77074443bb0bae745e8e7
NeoBundleLock vimproc.vim c286dcbdfca9e0ee1a4cb90f09c3f03638112f5a
NeoBundleLock vimshell.vim 4939e10609c434becf6423b2f3876bb9c2be3464
