NeoBundleLock SQLUtilities 566184530da81aa05ae4ac4ba6cf5034292a9b89
NeoBundleLock Vim-Jinja2-Syntax ce9edd3e4e6d97d5b4132470f2b5a1cd8cdf0f01
NeoBundleLock ack.vim b9f85efc0dcc97cdafa8dcc1689e8a8d3f1dd756
NeoBundleLock csapprox 7981dac51d8b6776985aa08cb7b5ee98ea7f2ddd
NeoBundleLock dracula-theme 1cae242320f6dd0ec63a9765ec176943add40acb
NeoBundleLock gitv e10a8963e0ff1387e7e764f799a5bba693a739b3
NeoBundleLock gundo.vim 3975ac871565115e3769dc69c06bc88ddc1369af
NeoBundleLock i3-vim-syntax a74c9bc79bc714b4b0206e872540c392dd273d8d
NeoBundleLock jshint2.vim c94307e925d17b80c6ec9253837930ed3c3d558f
NeoBundleLock kwbdi.vim 1fd0382dd299b9feb343b7960f6977de402b0929
NeoBundleLock lightline.vim 616837f44e4606257f134e6cf3f9cd4e8098019a
NeoBundleLock neobundle.vim c37a56100afde3ea5b06031735bb5c8e9fc7db3e
NeoBundleLock neocomplete.vim 67810dc6afab58a150117c95942074ceef969206
NeoBundleLock nerdcommenter 1f4bfd59920c101a30a74a07b824608a6e65f3fe
NeoBundleLock nginx-vim-syntax 8dffab7043185482414ac9c4d7041e26d77cb898
NeoBundleLock phpctags 7fd0030dc439ba14782d5720c381923051750b5f
NeoBundleLock riv.vim 9121aa06948215b87ab87bfeae222b095d37c173
NeoBundleLock syntastic d79d77fbdd7fe4fb0ed5d80450f4118af810ec6f
NeoBundleLock tabular 60f25648814f0695eeb6c1040d97adca93c4e0bb
NeoBundleLock tagbar 7b36c46d17d57db34fdb0adac9ba6382d0bb5e66
NeoBundleLock tagbar-phpctags.vim 00d12a891482c35e6bd0dd9a8860163322a45daf
NeoBundleLock unite-outline eed59c431309d2eca5f33dd89e4d241288b4fc81
NeoBundleLock unite.vim 454749a3d7eb6fac2e6b1bec094b27f2d6941013
NeoBundleLock vim-ansible-yaml c4c524fedf6d7ea49062bb3dd6cbb497e61f624e
NeoBundleLock vim-bufferline 57f0e8afff4af59fbfaf557ca6b584209cbedda3
NeoBundleLock vim-fugitive 1ecd12d523ffe031b5840316eeae1f24dd8920e4
NeoBundleLock vim-gita e8d5f3892bdae93ed848b2b861c94ae2bf5cc8c7
NeoBundleLock vim-gitgutter b18e23cdfa082dee7da8a2466db5a66907491e5b
NeoBundleLock vim-go 8f11f67bc8383f010f7cf8bd6490fdbeaa444f4e
NeoBundleLock vim-guicolorscheme 492a91e3f5dbd820f8fc482bb38894377fae1ebd
NeoBundleLock vim-indent-guides 49bde6fa30648345ffabfe55b3a095a293568a2e
NeoBundleLock vim-json f5e3181d0b33a9c51377bb7ea8492feddca8b503
NeoBundleLock vim-markdown 67b59d559bafc505b0a75425a50149b6025566fc
NeoBundleLock vimproc.vim ee10f742304fc222e7fef694c67ca900c35fc579
